// !$*UTF8*$!
{
	archiveVersion = 1;
	classes = {
	};
	objectVersion = 46;
	objects = {

/* Begin PBXBuildFile section */
		A9F27CAE1941252B001CBD0C /* Foundation.framework in Frameworks */ = {isa = PBXBuildFile; fileRef = A9F27CAD1941252B001CBD0C /* Foundation.framework */; };
		A9F27CB01941252B001CBD0C /* CoreGraphics.framework in Frameworks */ = {isa = PBXBuildFile; fileRef = A9F27CAF1941252B001CBD0C /* CoreGraphics.framework */; };
		A9F27CB21941252B001CBD0C /* UIKit.framework in Frameworks */ = {isa = PBXBuildFile; fileRef = A9F27CB11941252B001CBD0C /* UIKit.framework */; };
		A9F27CB81941252B001CBD0C /* InfoPlist.strings in Resources */ = {isa = PBXBuildFile; fileRef = A9F27CB61941252B001CBD0C /* InfoPlist.strings */; };
		A9F27CBA1941252B001CBD0C /* main.m in Sources */ = {isa = PBXBuildFile; fileRef = A9F27CB91941252B001CBD0C /* main.m */; };
		A9F27CBE1941252B001CBD0C /* CFDAppDelegate.m in Sources */ = {isa = PBXBuildFile; fileRef = A9F27CBD1941252B001CBD0C /* CFDAppDelegate.m */; };
		A9F27CC11941252B001CBD0C /* Main.storyboard in Resources */ = {isa = PBXBuildFile; fileRef = A9F27CBF1941252B001CBD0C /* Main.storyboard */; };
		A9F27CC41941252B001CBD0C /* CFDViewController.m in Sources */ = {isa = PBXBuildFile; fileRef = A9F27CC31941252B001CBD0C /* CFDViewController.m */; };
		A9F27CC61941252B001CBD0C /* Images.xcassets in Resources */ = {isa = PBXBuildFile; fileRef = A9F27CC51941252B001CBD0C /* Images.xcassets */; };
		A9F27CCD1941252C001CBD0C /* XCTest.framework in Frameworks */ = {isa = PBXBuildFile; fileRef = A9F27CCC1941252C001CBD0C /* XCTest.framework */; };
		A9F27CCE1941252C001CBD0C /* Foundation.framework in Frameworks */ = {isa = PBXBuildFile; fileRef = A9F27CAD1941252B001CBD0C /* Foundation.framework */; };
		A9F27CCF1941252C001CBD0C /* UIKit.framework in Frameworks */ = {isa = PBXBuildFile; fileRef = A9F27CB11941252B001CBD0C /* UIKit.framework */; };
		A9F27CD71941252C001CBD0C /* InfoPlist.strings in Resources */ = {isa = PBXBuildFile; fileRef = A9F27CD51941252C001CBD0C /* InfoPlist.strings */; };
		A9F27CD91941252C001CBD0C /* CatFactsDemoTests.m in Sources */ = {isa = PBXBuildFile; fileRef = A9F27CD81941252C001CBD0C /* CatFactsDemoTests.m */; };
/* End PBXBuildFile section */

/* Begin PBXContainerItemProxy section */
		A9F27CD01941252C001CBD0C /* PBXContainerItemProxy */ = {
			isa = PBXContainerItemProxy;
			containerPortal = A9F27CA21941252B001CBD0C /* Project object */;
			proxyType = 1;
			remoteGlobalIDString = A9F27CA91941252B001CBD0C;
			remoteInfo = CatFactsDemo;
		};
/* End PBXContainerItemProxy section */

/* Begin PBXFileReference section */
		A9F27CAA1941252B001CBD0C /* CatFactsDemo.app */ = {isa = PBXFileReference; explicitFileType = wrapper.application; includeInIndex = 0; path = CatFactsDemo.app; sourceTree = BUILT_PRODUCTS_DIR; };
		A9F27CAD1941252B001CBD0C /* Foundation.framework */ = {isa = PBXFileReference; lastKnownFileType = wrapper.framework; name = Foundation.framework; path = System/Library/Frameworks/Foundation.framework; sourceTree = SDKROOT; };
		A9F27CAF1941252B001CBD0C /* CoreGraphics.framework */ = {isa = PBXFileReference; lastKnownFileType = wrapper.framework; name = CoreGraphics.framework; path = System/Library/Frameworks/CoreGraphics.framework; sourceTree = SDKROOT; };
		A9F27CB11941252B001CBD0C /* UIKit.framework */ = {isa = PBXFileReference; lastKnownFileType = wrapper.framework; name = UIKit.framework; path = System/Library/Frameworks/UIKit.framework; sourceTree = SDKROOT; };
		A9F27CB51941252B001CBD0C /* CatFactsDemo-Info.plist */ = {isa = PBXFileReference; lastKnownFileType = text.plist.xml; path = "CatFactsDemo-Info.plist"; sourceTree = "<group>"; };
		A9F27CB71941252B001CBD0C /* en */ = {isa = PBXFileReference; lastKnownFileType = text.plist.strings; name = en; path = en.lproj/InfoPlist.strings; sourceTree = "<group>"; };
		A9F27CB91941252B001CBD0C /* main.m */ = {isa = PBXFileReference; lastKnownFileType = sourcecode.c.objc; path = main.m; sourceTree = "<group>"; };
		A9F27CBB1941252B001CBD0C /* CatFactsDemo-Prefix.pch */ = {isa = PBXFileReference; lastKnownFileType = sourcecode.c.h; path = "CatFactsDemo-Prefix.pch"; sourceTree = "<group>"; };
		A9F27CBC1941252B001CBD0C /* CFDAppDelegate.h */ = {isa = PBXFileReference; lastKnownFileType = sourcecode.c.h; path = CFDAppDelegate.h; sourceTree = "<group>"; };
		A9F27CBD1941252B001CBD0C /* CFDAppDelegate.m */ = {isa = PBXFileReference; lastKnownFileType = sourcecode.c.objc; path = CFDAppDelegate.m; sourceTree = "<group>"; };
		A9F27CC01941252B001CBD0C /* Base */ = {isa = PBXFileReference; lastKnownFileType = file.storyboard; name = Base; path = Base.lproj/Main.storyboard; sourceTree = "<group>"; };
		A9F27CC21941252B001CBD0C /* CFDViewController.h */ = {isa = PBXFileReference; lastKnownFileType = sourcecode.c.h; path = CFDViewController.h; sourceTree = "<group>"; };
		A9F27CC31941252B001CBD0C /* CFDViewController.m */ = {isa = PBXFileReference; lastKnownFileType = sourcecode.c.objc; path = CFDViewController.m; sourceTree = "<group>"; };
		A9F27CC51941252B001CBD0C /* Images.xcassets */ = {isa = PBXFileReference; lastKnownFileType = folder.assetcatalog; path = Images.xcassets; sourceTree = "<group>"; };
		A9F27CCB1941252C001CBD0C /* CatFactsDemoTests.xctest */ = {isa = PBXFileReference; explicitFileType = wrapper.cfbundle; includeInIndex = 0; path = CatFactsDemoTests.xctest; sourceTree = BUILT_PRODUCTS_DIR; };
		A9F27CCC1941252C001CBD0C /* XCTest.framework */ = {isa = PBXFileReference; lastKnownFileType = wrapper.framework; name = XCTest.framework; path = Library/Frameworks/XCTest.framework; sourceTree = DEVELOPER_DIR; };
		A9F27CD41941252C001CBD0C /* CatFactsDemoTests-Info.plist */ = {isa = PBXFileReference; lastKnownFileType = text.plist.xml; path = "CatFactsDemoTests-Info.plist"; sourceTree = "<group>"; };
		A9F27CD61941252C001CBD0C /* en */ = {isa = PBXFileReference; lastKnownFileType = text.plist.strings; name = en; path = en.lproj/InfoPlist.strings; sourceTree = "<group>"; };
		A9F27CD81941252C001CBD0C /* CatFactsDemoTests.m */ = {isa = PBXFileReference; lastKnownFileType = sourcecode.c.objc; path = CatFactsDemoTests.m; sourceTree = "<group>"; };
/* End PBXFileReference section */

/* Begin PBXFrameworksBuildPhase section */
		A9F27CA71941252B001CBD0C /* Frameworks */ = {
			isa = PBXFrameworksBuildPhase;
			buildActionMask = 2147483647;
			files = (
				A9F27CB01941252B001CBD0C /* CoreGraphics.framework in Frameworks */,
				A9F27CB21941252B001CBD0C /* UIKit.framework in Frameworks */,
				A9F27CAE1941252B001CBD0C /* Foundation.framework in Frameworks */,
			);
			runOnlyForDeploymentPostprocessing = 0;
		};
		A9F27CC81941252C001CBD0C /* Frameworks */ = {
			isa = PBXFrameworksBuildPhase;
			buildActionMask = 2147483647;
			files = (
				A9F27CCD1941252C001CBD0C /* XCTest.framework in Frameworks */,
				A9F27CCF1941252C001CBD0C /* UIKit.framework in Frameworks */,
				A9F27CCE1941252C001CBD0C /* Foundation.framework in Frameworks */,
			);
			runOnlyForDeploymentPostprocessing = 0;
		};
/* End PBXFrameworksBuildPhase section */

/* Begin PBXGroup section */
		A9F27CA11941252B001CBD0C = {
			isa = PBXGroup;
			children = (
				A9F27CB31941252B001CBD0C /* CatFactsDemo */,
				A9F27CD21941252C001CBD0C /* CatFactsDemoTests */,
				A9F27CAC1941252B001CBD0C /* Frameworks */,
				A9F27CAB1941252B001CBD0C /* Products */,
			);
			sourceTree = "<group>";
		};
		A9F27CAB1941252B001CBD0C /* Products */ = {
			isa = PBXGroup;
			children = (
				A9F27CAA1941252B001CBD0C /* CatFactsDemo.app */,
				A9F27CCB1941252C001CBD0C /* CatFactsDemoTests.xctest */,
			);
			name = Products;
			sourceTree = "<group>";
		};
		A9F27CAC1941252B001CBD0C /* Frameworks */ = {
			isa = PBXGroup;
			children = (
				A9F27CAD1941252B001CBD0C /* Foundation.framework */,
				A9F27CAF1941252B001CBD0C /* CoreGraphics.framework */,
				A9F27CB11941252B001CBD0C /* UIKit.framework */,
				A9F27CCC1941252C001CBD0C /* XCTest.framework */,
			);
			name = Frameworks;
			sourceTree = "<group>";
		};
		A9F27CB31941252B001CBD0C /* CatFactsDemo */ = {
			isa = PBXGroup;
			children = (
				A9F27CBC1941252B001CBD0C /* CFDAppDelegate.h */,
				A9F27CBD1941252B001CBD0C /* CFDAppDelegate.m */,
				A9F27CBF1941252B001CBD0C /* Main.storyboard */,
				A9F27CC21941252B001CBD0C /* CFDViewController.h */,
				A9F27CC31941252B001CBD0C /* CFDViewController.m */,
				A9F27CC51941252B001CBD0C /* Images.xcassets */,
				A9F27CB41941252B001CBD0C /* Supporting Files */,
			);
			path = CatFactsDemo;
			sourceTree = "<group>";
		};
		A9F27CB41941252B001CBD0C /* Supporting Files */ = {
			isa = PBXGroup;
			children = (
				A9F27CB51941252B001CBD0C /* CatFactsDemo-Info.plist */,
				A9F27CB61941252B001CBD0C /* InfoPlist.strings */,
				A9F27CB91941252B001CBD0C /* main.m */,
				A9F27CBB1941252B001CBD0C /* CatFactsDemo-Prefix.pch */,
			);
			name = "Supporting Files";
			sourceTree = "<group>";
		};
		A9F27CD21941252C001CBD0C /* CatFactsDemoTests */ = {
			isa = PBXGroup;
			children = (
				A9F27CD81941252C001CBD0C /* CatFactsDemoTests.m */,
				A9F27CD31941252C001CBD0C /* Supporting Files */,
			);
			path = CatFactsDemoTests;
			sourceTree = "<group>";
		};
		A9F27CD31941252C001CBD0C /* Supporting Files */ = {
			isa = PBXGroup;
			children = (
				A9F27CD41941252C001CBD0C /* CatFactsDemoTests-Info.plist */,
				A9F27CD51941252C001CBD0C /* InfoPlist.strings */,
			);
			name = "Supporting Files";
			sourceTree = "<group>";
		};
/* End PBXGroup section */

/* Begin PBXNativeTarget section */
		A9F27CA91941252B001CBD0C /* CatFactsDemo */ = {
			isa = PBXNativeTarget;
			buildConfigurationList = A9F27CDC1941252C001CBD0C /* Build configuration list for PBXNativeTarget "CatFactsDemo" */;
			buildPhases = (
				A9F27CA61941252B001CBD0C /* Sources */,
				A9F27CA71941252B001CBD0C /* Frameworks */,
				A9F27CA81941252B001CBD0C /* Resources */,
			);
			buildRules = (
			);
			dependencies = (
			);
			name = CatFactsDemo;
			productName = CatFactsDemo;
			productReference = A9F27CAA1941252B001CBD0C /* CatFactsDemo.app */;
			productType = "com.apple.product-type.application";
		};
		A9F27CCA1941252C001CBD0C /* CatFactsDemoTests */ = {
			isa = PBXNativeTarget;
			buildConfigurationList = A9F27CDF1941252C001CBD0C /* Build configuration list for PBXNativeTarget "CatFactsDemoTests" */;
			buildPhases = (
				A9F27CC71941252C001CBD0C /* Sources */,
				A9F27CC81941252C001CBD0C /* Frameworks */,
				A9F27CC91941252C001CBD0C /* Resources */,
			);
			buildRules = (
			);
			dependencies = (
				A9F27CD11941252C001CBD0C /* PBXTargetDependency */,
			);
			name = CatFactsDemoTests;
			productName = CatFactsDemoTests;
			productReference = A9F27CCB1941252C001CBD0C /* CatFactsDemoTests.xctest */;
			productType = "com.apple.product-type.bundle.unit-test";
		};
/* End PBXNativeTarget section */

/* Begin PBXProject section */
		A9F27CA21941252B001CBD0C /* Project object */ = {
			isa = PBXProject;
			attributes = {
				CLASSPREFIX = CFD;
				LastUpgradeCheck = 0510;
				ORGANIZATIONNAME = "Bill Morefield";
				TargetAttributes = {
					A9F27CCA1941252C001CBD0C = {
						TestTargetID = A9F27CA91941252B001CBD0C;
					};
				};
			};
			buildConfigurationList = A9F27CA51941252B001CBD0C /* Build configuration list for PBXProject "CatFactsDemo" */;
			compatibilityVersion = "Xcode 3.2";
			developmentRegion = English;
			hasScannedForEncodings = 0;
			knownRegions = (
				en,
				Base,
			);
			mainGroup = A9F27CA11941252B001CBD0C;
			productRefGroup = A9F27CAB1941252B001CBD0C /* Products */;
			projectDirPath = "";
			projectRoot = "";
			targets = (
				A9F27CA91941252B001CBD0C /* CatFactsDemo */,
				A9F27CCA1941252C001CBD0C /* CatFactsDemoTests */,
			);
		};
/* End PBXProject section */

/* Begin PBXResourcesBuildPhase section */
		A9F27CA81941252B001CBD0C /* Resources */ = {
			isa = PBXResourcesBuildPhase;
			buildActionMask = 2147483647;
			files = (
				A9F27CC61941252B001CBD0C /* Images.xcassets in Resources */,
				A9F27CB81941252B001CBD0C /* InfoPlist.strings in Resources */,
				A9F27CC11941252B001CBD0C /* Main.storyboard in Resources */,
			);
			runOnlyForDeploymentPostprocessing = 0;
		};
		A9F27CC91941252C001CBD0C /* Resources */ = {
			isa = PBXResourcesBuildPhase;
			buildActionMask = 2147483647;
			files = (
				A9F27CD71941252C001CBD0C /* InfoPlist.strings in Resources */,
			);
			runOnlyForDeploymentPostprocessing = 0;
		};
/* End PBXResourcesBuildPhase section */

/* Begin PBXSourcesBuildPhase section */
		A9F27CA61941252B001CBD0C /* Sources */ = {
			isa = PBXSourcesBuildPhase;
			buildActionMask = 2147483647;
			files = (
				A9F27CBE1941252B001CBD0C /* CFDAppDelegate.m in Sources */,
				A9F27CC41941252B001CBD0C /* CFDViewController.m in Sources */,
				A9F27CBA1941252B001CBD0C /* main.m in Sources */,
			);
			runOnlyForDeploymentPostprocessing = 0;
		};
		A9F27CC71941252C001CBD0C /* Sources */ = {
			isa = PBXSourcesBuildPhase;
			buildActionMask = 2147483647;
			files = (
				A9F27CD91941252C001CBD0C /* CatFactsDemoTests.m in Sources */,
			);
			runOnlyForDeploymentPostprocessing = 0;
		};
/* End PBXSourcesBuildPhase section */

/* Begin PBXTargetDependency section */
		A9F27CD11941252C001CBD0C /* PBXTargetDependency */ = {
			isa = PBXTargetDependency;
			target = A9F27CA91941252B001CBD0C /* CatFactsDemo */;
			targetProxy = A9F27CD01941252C001CBD0C /* PBXContainerItemProxy */;
		};
/* End PBXTargetDependency section */

/* Begin PBXVariantGroup section */
		A9F27CB61941252B001CBD0C /* InfoPlist.strings */ = {
			isa = PBXVariantGroup;
			children = (
				A9F27CB71941252B001CBD0C /* en */,
			);
			name = InfoPlist.strings;
			sourceTree = "<group>";
		};
		A9F27CBF1941252B001CBD0C /* Main.storyboard */ = {
			isa = PBXVariantGroup;
			children = (
				A9F27CC01941252B001CBD0C /* Base */,
			);
			name = Main.storyboard;
			sourceTree = "<group>";
		};
		A9F27CD51941252C001CBD0C /* InfoPlist.strings */ = {
			isa = PBXVariantGroup;
			children = (
				A9F27CD61941252C001CBD0C /* en */,
			);
			name = InfoPlist.strings;
			sourceTree = "<group>";
		};
/* End PBXVariantGroup section */

/* Begin XCBuildConfiguration section */
		A9F27CDA1941252C001CBD0C /* Debug */ = {
			isa = XCBuildConfiguration;
			buildSettings = {
				ALWAYS_SEARCH_USER_PATHS = NO;
				CLANG_CXX_LANGUAGE_STANDARD = "gnu++0x";
				CLANG_CXX_LIBRARY = "libc++";
				CLANG_ENABLE_MODULES = YES;
				CLANG_ENABLE_OBJC_ARC = YES;
				CLANG_WARN_BOOL_CONVERSION = YES;
				CLANG_WARN_CONSTANT_CONVERSION = YES;
				CLANG_WARN_DIRECT_OBJC_ISA_USAGE = YES_ERROR;
				CLANG_WARN_EMPTY_BODY = YES;
				CLANG_WARN_ENUM_CONVERSION = YES;
				CLANG_WARN_INT_CONVERSION = YES;
				CLANG_WARN_OBJC_ROOT_CLASS = YES_ERROR;
				CLANG_WARN__DUPLICATE_METHOD_MATCH = YES;
				"CODE_SIGN_IDENTITY[sdk=iphoneos*]" = "iPhone Developer";
				COPY_PHASE_STRIP = NO;
				GCC_C_LANGUAGE_STANDARD = gnu99;
				GCC_DYNAMIC_NO_PIC = NO;
				GCC_OPTIMIZATION_LEVEL = 0;
				GCC_PREPROCESSOR_DEFINITIONS = (
					"DEBUG=1",
					"$(inherited)",
				);
				GCC_SYMBOLS_PRIVATE_EXTERN = NO;
				GCC_WARN_64_TO_32_BIT_CONVERSION = YES;
				GCC_WARN_ABOUT_RETURN_TYPE = YES_ERROR;
				GCC_WARN_UNDECLARED_SELECTOR = YES;
				GCC_WARN_UNINITIALIZED_AUTOS = YES_AGGRESSIVE;
				GCC_WARN_UNUSED_FUNCTION = YES;
				GCC_WARN_UNUSED_VARIABLE = YES;
				IPHONEOS_DEPLOYMENT_TARGET = 7.1;
				ONLY_ACTIVE_ARCH = YES;
				SDKROOT = iphoneos;
			};
			name = Debug;
		};
		A9F27CDB1941252C001CBD0C /* Release */ = {
			isa = XCBuildConfiguration;
			buildSettings = {
				ALWAYS_SEARCH_USER_PATHS = NO;
				CLANG_CXX_LANGUAGE_STANDARD = "gnu++0x";
				CLANG_CXX_LIBRARY = "libc++";
				CLANG_ENABLE_MODULES = YES;
				CLANG_ENABLE_OBJC_ARC = YES;
				CLANG_WARN_BOOL_CONVERSION = YES;
				CLANG_WARN_CONSTANT_CONVERSION = YES;
				CLANG_WARN_DIRECT_OBJC_ISA_USAGE = YES_ERROR;
				CLANG_WARN_EMPTY_BODY = YES;
				CLANG_WARN_ENUM_CONVERSION = YES;
				CLANG_WARN_INT_CONVERSION = YES;
				CLANG_WARN_OBJC_ROOT_CLASS = YES_ERROR;
				CLANG_WARN__DUPLICATE_METHOD_MATCH = YES;
				"CODE_SIGN_IDENTITY[sdk=iphoneos*]" = "iPhone Developer";
				COPY_PHASE_STRIP = YES;
				ENABLE_NS_ASSERTIONS = NO;
				GCC_C_LANGUAGE_STANDARD = gnu99;
				GCC_WARN_64_TO_32_BIT_CONVERSION = YES;
				GCC_WARN_ABOUT_RETURN_TYPE = YES_ERROR;
				GCC_WARN_UNDECLARED_SELECTOR = YES;
				GCC_WARN_UNINITIALIZED_AUTOS = YES_AGGRESSIVE;
				GCC_WARN_UNUSED_FUNCTION = YES;
				GCC_WARN_UNUSED_VARIABLE = YES;
				IPHONEOS_DEPLOYMENT_TARGET = 7.1;
				SDKROOT = iphoneos;
				VALIDATE_PRODUCT = YES;
			};
			name = Release;
		};
		A9F27CDD1941252C001CBD0C /* Debug */ = {
			isa = XCBuildConfiguration;
			buildSettings = {
				ASSETCATALOG_COMPILER_APPICON_NAME = AppIcon;
				ASSETCATALOG_COMPILER_LAUNCHIMAGE_NAME = LaunchImage;
				GCC_PRECOMPILE_PREFIX_HEADER = YES;
				GCC_PREFIX_HEADER = "CatFactsDemo/CatFactsDemo-Prefix.pch";
				INFOPLIST_FILE = "CatFactsDemo/CatFactsDemo-Info.plist";
				IPHONEOS_DEPLOYMENT_TARGET = 7.0;
				PRODUCT_NAME = "$(TARGET_NAME)";
				WRAPPER_EXTENSION = app;
			};
			name = Debug;
		};
		A9F27CDE1941252C001CBD0C /* Release */ = {
			isa = XCBuildConfiguration;
			buildSettings = {
				ASSETCATALOG_COMPILER_APPICON_NAME = AppIcon;
				ASSETCATALOG_COMPILER_LAUNCHIMAGE_NAME = LaunchImage;
				GCC_PRECOMPILE_PREFIX_HEADER = YES;
				GCC_PREFIX_HEADER = "CatFactsDemo/CatFactsDemo-Prefix.pch";
				INFOPLIST_FILE = "CatFactsDemo/CatFactsDemo-Info.plist";
				IPHONEOS_DEPLOYMENT_TARGET = 7.0;
				PRODUCT_NAME = "$(TARGET_NAME)";
				WRAPPER_EXTENSION = app;
			};
			name = Release;
		};
		A9F27CE01941252C001CBD0C /* Debug */ = {
			isa = XCBuildConfiguration;
			buildSettings = {
				BUNDLE_LOADER = "$(BUILT_PRODUCTS_DIR)/CatFactsDemo.app/CatFactsDemo";
				FRAMEWORK_SEARCH_PATHS = (
					"$(SDKROOT)/Developer/Library/Frameworks",
					"$(inherited)",
					"$(DEVELOPER_FRAMEWORKS_DIR)",
				);
				GCC_PRECOMPILE_PREFIX_HEADER = YES;
				GCC_PREFIX_HEADER = "CatFactsDemo/CatFactsDemo-Prefix.pch";
				GCC_PREPROCESSOR_DEFINITIONS = (
					"DEBUG=1",
					"$(inherited)",
				);
				INFOPLIST_FILE = "CatFactsDemoTests/CatFactsDemoTests-Info.plist";
				PRODUCT_NAME = "$(TARGET_NAME)";
				TEST_HOST = "$(BUNDLE_LOADER)";
				WRAPPER_EXTENSION = xctest;
			};
			name = Debug;
		};
		A9F27CE11941252C001CBD0C /* Release */ = {
			isa = XCBuildConfiguration;
			buildSettings = {
				BUNDLE_LOADER = "$(BUILT_PRODUCTS_DIR)/CatFactsDemo.app/CatFactsDemo";
				FRAMEWORK_SEARCH_PATHS = (
					"$(SDKROOT)/Developer/Library/Frameworks",
					"$(inherited)",
					"$(DEVELOPER_FRAMEWORKS_DIR)",
				);
				GCC_PRECOMPILE_PREFIX_HEADER = YES;
				GCC_PREFIX_HEADER = "CatFactsDemo/CatFactsDemo-Prefix.pch";
				INFOPLIST_FILE = "CatFactsDemoTests/CatFactsDemoTests-Info.plist";
				PRODUCT_NAME = "$(TARGET_NAME)";
				TEST_HOST = "$(BUNDLE_LOADER)";
				WRAPPER_EXTENSION = xctest;
			};
			name = Release;
		};
/* End XCBuildConfiguration section */

/* Begin XCConfigurationList section */
		A9F27CA51941252B001CBD0C /* Build configuration list for PBXProject "CatFactsDemo" */ = {
			isa = XCConfigurationList;
			buildConfigurations = (
				A9F27CDA1941252C001CBD0C /* Debug */,
				A9F27CDB1941252C001CBD0C /* Release */,
			);
			defaultConfigurationIsVisible = 0;
			defaultConfigurationName = Release;
		};
		A9F27CDC1941252C001CBD0C /* Build configuration list for PBXNativeTarget "CatFactsDemo" */ = {
			isa = XCConfigurationList;
			buildConfigurations = (
				A9F27CDD1941252C001CBD0C /* Debug */,
				A9F27CDE1941252C001CBD0C /* Release */,
			);
			defaultConfigurationIsVisible = 0;
		};
		A9F27CDF1941252C001CBD0C /* Build configuration list for PBXNativeTarget "CatFactsDemoTests" */ = {
			isa = XCConfigurationList;
			buildConfigurations = (
				A9F27CE01941252C001CBD0C /* Debug */,
				A9F27CE11941252C001CBD0C /* Release */,
			);
			defaultConfigurationIsVisible = 0;
		};
/* End XCConfigurationList section */
	};
	rootObject = A9F27CA21941252B001CBD0C /* Project object */;
}
